{
  "name": "Casio-F-91W",
  "lockfileVersion": 3,
  "requires": true,
  "packages": {
    "": {
      "devDependencies": {
        "xstate": "^5.0.0-beta.15"
      }
    },
    "node_modules/xstate": {
      "version": "5.0.0-beta.15",
      "resolved": "https://registry.npmjs.org/xstate/-/xstate-5.0.0-beta.15.tgz",
      "integrity": "sha512-I721/TEMKdEofVrHom9us4BGnnY8WrjEmgVaPOsxQhe9OgZby1cotxxdvyS0nFUDJNooFD3Whf7scO3UnI9PPw==",
      "dev": true,
      "funding": {
        "type": "opencollective",
        "url": "https://opencollective.com/xstate"
      }
    }
  }
}
