{
  "name": "Casio-F-91W",
  "lockfileVersion": 3,
  "requires": true,
  "packages": {
    "": {
      "devDependencies": {
        "xstate": "^4.38.0"
      }
    },
    "node_modules/xstate": {
      "version": "4.38.0",
      "resolved": "https://registry.npmjs.org/xstate/-/xstate-4.38.0.tgz",
      "integrity": "sha512-oFjw2YZPyu6HeO0JWCSqfhAALsjFPURsrD2FUFN3u213dWwYU68RFuLtSHco+cEUhpQFW+hRG3PNYgq8HatudQ==",
      "dev": true,
      "funding": {
        "type": "opencollective",
        "url": "https://opencollective.com/xstate"
      }
    }
  }
}
